
Microsoft Visual Studio Solution File, Format Version 12.00
# Visual Studio Version 17
VisualStudioVersion = 17.5.33516.290
MinimumVisualStudioVersion = 10.0.40219.1
Project("{9A19103F-16F7-4668-BE54-9A1E7A4F7556}") = "API", "AroundCorner\API.csproj", "{C42FD383-28B1-4C43-A3F7-CBA3A2BAC3DA}"
EndProject
Project("{FAE04EC0-301F-11D3-BF4B-00C04F79EFBC}") = "Core", "Core\Core.csproj", "{7B1591D6-951C-42A1-A857-4B8F0ADC58FA}"
EndProject
Project("{FAE04EC0-301F-11D3-BF4B-00C04F79EFBC}") = "Infrastructure", "Infrastructure\Infrastructure.csproj", "{5D71821C-EE69-4439-969A-AC3E1CF965E9}"
EndProject
Global
	GlobalSection(SolutionConfigurationPlatforms) = preSolution
		Debug|Any CPU = Debug|Any CPU
		Release|Any CPU = Release|Any CPU
	EndGlobalSection
	GlobalSection(ProjectConfigurationPlatforms) = postSolution
		{C42FD383-28B1-4C43-A3F7-CBA3A2BAC3DA}.Debug|Any CPU.ActiveCfg = Debug|Any CPU
		{C42FD383-28B1-4C43-A3F7-CBA3A2BAC3DA}.Debug|Any CPU.Build.0 = Debug|Any CPU
		{C42FD383-28B1-4C43-A3F7-CBA3A2BAC3DA}.Release|Any CPU.ActiveCfg = Release|Any CPU
		{C42FD383-28B1-4C43-A3F7-CBA3A2BAC3DA}.Release|Any CPU.Build.0 = Release|Any CPU
		{7B1591D6-951C-42A1-A857-4B8F0ADC58FA}.Debug|Any CPU.ActiveCfg = Debug|Any CPU
		{7B1591D6-951C-42A1-A857-4B8F0ADC58FA}.Debug|Any CPU.Build.0 = Debug|Any CPU
		{7B1591D6-951C-42A1-A857-4B8F0ADC58FA}.Release|Any CPU.ActiveCfg = Release|Any CPU
		{7B1591D6-951C-42A1-A857-4B8F0ADC58FA}.Release|Any CPU.Build.0 = Release|Any CPU
		{5D71821C-EE69-4439-969A-AC3E1CF965E9}.Debug|Any CPU.ActiveCfg = Debug|Any CPU
		{5D71821C-EE69-4439-969A-AC3E1CF965E9}.Debug|Any CPU.Build.0 = Debug|Any CPU
		{5D71821C-EE69-4439-969A-AC3E1CF965E9}.Release|Any CPU.ActiveCfg = Release|Any CPU
		{5D71821C-EE69-4439-969A-AC3E1CF965E9}.Release|Any CPU.Build.0 = Release|Any CPU
	EndGlobalSection
	GlobalSection(SolutionProperties) = preSolution
		HideSolutionNode = FALSE
	EndGlobalSection
	GlobalSection(ExtensibilityGlobals) = postSolution
		SolutionGuid = {C9448360-9272-4F2E-BD22-12B596053E52}
	EndGlobalSection
EndGlobal
